// !$*UTF8*$!
{
	archiveVersion = 1;
	classes = {
	};
	objectVersion = 46;
	objects = {

/* Begin PBXBuildFile section */
		BB2860C1209F428400366B26 /* AppDelegate.swift in Sources */ = {isa = PBXBuildFile; fileRef = BB2860C0209F428400366B26 /* AppDelegate.swift */; };
		BB2860C3209F428400366B26 /* GameScene.sks in Resources */ = {isa = PBXBuildFile; fileRef = BB2860C2209F428400366B26 /* GameScene.sks */; };
		BB2860C5209F428400366B26 /* Actions.sks in Resources */ = {isa = PBXBuildFile; fileRef = BB2860C4209F428400366B26 /* Actions.sks */; };
		BB2860C7209F428400366B26 /* GameScene.swift in Sources */ = {isa = PBXBuildFile; fileRef = BB2860C6209F428400366B26 /* GameScene.swift */; };
		BB2860C9209F428400366B26 /* GameViewController.swift in Sources */ = {isa = PBXBuildFile; fileRef = BB2860C8209F428400366B26 /* GameViewController.swift */; };
		BB2860CC209F428400366B26 /* Main.storyboard in Resources */ = {isa = PBXBuildFile; fileRef = BB2860CA209F428400366B26 /* Main.storyboard */; };
		BB2860CE209F428400366B26 /* Assets.xcassets in Resources */ = {isa = PBXBuildFile; fileRef = BB2860CD209F428400366B26 /* Assets.xcassets */; };
		BB2860D1209F428400366B26 /* LaunchScreen.storyboard in Resources */ = {isa = PBXBuildFile; fileRef = BB2860CF209F428400366B26 /* LaunchScreen.storyboard */; };
		BB2860DC209F428400366B26 /* yatzyTests.swift in Sources */ = {isa = PBXBuildFile; fileRef = BB2860DB209F428400366B26 /* yatzyTests.swift */; };
		BB2860E7209F428400366B26 /* yatzyUITests.swift in Sources */ = {isa = PBXBuildFile; fileRef = BB2860E6209F428400366B26 /* yatzyUITests.swift */; };
/* End PBXBuildFile section */

/* Begin PBXContainerItemProxy section */
		BB2860D8209F428400366B26 /* PBXContainerItemProxy */ = {
			isa = PBXContainerItemProxy;
			containerPortal = BB2860B5209F428300366B26 /* Project object */;
			proxyType = 1;
			remoteGlobalIDString = BB2860BC209F428300366B26;
			remoteInfo = yatzy;
		};
		BB2860E3209F428400366B26 /* PBXContainerItemProxy */ = {
			isa = PBXContainerItemProxy;
			containerPortal = BB2860B5209F428300366B26 /* Project object */;
			proxyType = 1;
			remoteGlobalIDString = BB2860BC209F428300366B26;
			remoteInfo = yatzy;
		};
/* End PBXContainerItemProxy section */

/* Begin PBXFileReference section */
		BB2860BD209F428400366B26 /* yatzyLovisa.app */ = {isa = PBXFileReference; explicitFileType = wrapper.application; includeInIndex = 0; path = yatzyLovisa.app; sourceTree = BUILT_PRODUCTS_DIR; };
		BB2860C0209F428400366B26 /* AppDelegate.swift */ = {isa = PBXFileReference; lastKnownFileType = sourcecode.swift; path = AppDelegate.swift; sourceTree = "<group>"; };
		BB2860C2209F428400366B26 /* GameScene.sks */ = {isa = PBXFileReference; lastKnownFileType = file.sks; path = GameScene.sks; sourceTree = "<group>"; };
		BB2860C4209F428400366B26 /* Actions.sks */ = {isa = PBXFileReference; lastKnownFileType = file.sks; path = Actions.sks; sourceTree = "<group>"; };
		BB2860C6209F428400366B26 /* GameScene.swift */ = {isa = PBXFileReference; lastKnownFileType = sourcecode.swift; path = GameScene.swift; sourceTree = "<group>"; };
		BB2860C8209F428400366B26 /* GameViewController.swift */ = {isa = PBXFileReference; lastKnownFileType = sourcecode.swift; path = GameViewController.swift; sourceTree = "<group>"; };
		BB2860CB209F428400366B26 /* Base */ = {isa = PBXFileReference; lastKnownFileType = file.storyboard; name = Base; path = Base.lproj/Main.storyboard; sourceTree = "<group>"; };
		BB2860CD209F428400366B26 /* Assets.xcassets */ = {isa = PBXFileReference; lastKnownFileType = folder.assetcatalog; path = Assets.xcassets; sourceTree = "<group>"; };
		BB2860D0209F428400366B26 /* Base */ = {isa = PBXFileReference; lastKnownFileType = file.storyboard; name = Base; path = Base.lproj/LaunchScreen.storyboard; sourceTree = "<group>"; };
		BB2860D2209F428400366B26 /* Info.plist */ = {isa = PBXFileReference; lastKnownFileType = text.plist.xml; path = Info.plist; sourceTree = "<group>"; };
		BB2860D7209F428400366B26 /* yatzyLovisaTests.xctest */ = {isa = PBXFileReference; explicitFileType = wrapper.cfbundle; includeInIndex = 0; path = yatzyLovisaTests.xctest; sourceTree = BUILT_PRODUCTS_DIR; };
		BB2860DB209F428400366B26 /* yatzyTests.swift */ = {isa = PBXFileReference; lastKnownFileType = sourcecode.swift; path = yatzyTests.swift; sourceTree = "<group>"; };
		BB2860DD209F428400366B26 /* Info.plist */ = {isa = PBXFileReference; lastKnownFileType = text.plist.xml; path = Info.plist; sourceTree = "<group>"; };
		BB2860E2209F428400366B26 /* yatzyLovisaUITests.xctest */ = {isa = PBXFileReference; explicitFileType = wrapper.cfbundle; includeInIndex = 0; path = yatzyLovisaUITests.xctest; sourceTree = BUILT_PRODUCTS_DIR; };
		BB2860E6209F428400366B26 /* yatzyUITests.swift */ = {isa = PBXFileReference; lastKnownFileType = sourcecode.swift; path = yatzyUITests.swift; sourceTree = "<group>"; };
		BB2860E8209F428400366B26 /* Info.plist */ = {isa = PBXFileReference; lastKnownFileType = text.plist.xml; path = Info.plist; sourceTree = "<group>"; };
/* End PBXFileReference section */

/* Begin PBXFrameworksBuildPhase section */
		BB2860BA209F428300366B26 /* Frameworks */ = {
			isa = PBXFrameworksBuildPhase;
			buildActionMask = 2147483647;
			files = (
			);
			runOnlyForDeploymentPostprocessing = 0;
		};
		BB2860D4209F428400366B26 /* Frameworks */ = {
			isa = PBXFrameworksBuildPhase;
			buildActionMask = 2147483647;
			files = (
			);
			runOnlyForDeploymentPostprocessing = 0;
		};
		BB2860DF209F428400366B26 /* Frameworks */ = {
			isa = PBXFrameworksBuildPhase;
			buildActionMask = 2147483647;
			files = (
			);
			runOnlyForDeploymentPostprocessing = 0;
		};
/* End PBXFrameworksBuildPhase section */

/* Begin PBXGroup section */
		BB2860B4209F428300366B26 = {
			isa = PBXGroup;
			children = (
				BB2860BF209F428400366B26 /* yatzy */,
				BB2860DA209F428400366B26 /* yatzyTests */,
				BB2860E5209F428400366B26 /* yatzyUITests */,
				BB2860BE209F428400366B26 /* Products */,
			);
			sourceTree = "<group>";
		};
		BB2860BE209F428400366B26 /* Products */ = {
			isa = PBXGroup;
			children = (
				BB2860BD209F428400366B26 /* yatzyLovisa.app */,
				BB2860D7209F428400366B26 /* yatzyLovisaTests.xctest */,
				BB2860E2209F428400366B26 /* yatzyLovisaUITests.xctest */,
			);
			name = Products;
			sourceTree = "<group>";
		};
		BB2860BF209F428400366B26 /* yatzy */ = {
			isa = PBXGroup;
			children = (
				BB2860C0209F428400366B26 /* AppDelegate.swift */,
				BB2860C2209F428400366B26 /* GameScene.sks */,
				BB2860C4209F428400366B26 /* Actions.sks */,
				BB2860C6209F428400366B26 /* GameScene.swift */,
				BB2860C8209F428400366B26 /* GameViewController.swift */,
				BB2860CA209F428400366B26 /* Main.storyboard */,
				BB2860CD209F428400366B26 /* Assets.xcassets */,
				BB2860CF209F428400366B26 /* LaunchScreen.storyboard */,
				BB2860D2209F428400366B26 /* Info.plist */,
			);
			path = yatzy;
			sourceTree = "<group>";
		};
		BB2860DA209F428400366B26 /* yatzyTests */ = {
			isa = PBXGroup;
			children = (
				BB2860DB209F428400366B26 /* yatzyTests.swift */,
				BB2860DD209F428400366B26 /* Info.plist */,
			);
			path = yatzyTests;
			sourceTree = "<group>";
		};
		BB2860E5209F428400366B26 /* yatzyUITests */ = {
			isa = PBXGroup;
			children = (
				BB2860E6209F428400366B26 /* yatzyUITests.swift */,
				BB2860E8209F428400366B26 /* Info.plist */,
			);
			path = yatzyUITests;
			sourceTree = "<group>";
		};
/* End PBXGroup section */

/* Begin PBXNativeTarget section */
		BB2860BC209F428300366B26 /* yatzyLovisa */ = {
			isa = PBXNativeTarget;
			buildConfigurationList = BB2860EB209F428400366B26 /* Build configuration list for PBXNativeTarget "yatzyLovisa" */;
			buildPhases = (
				BB2860B9209F428300366B26 /* Sources */,
				BB2860BA209F428300366B26 /* Frameworks */,
				BB2860BB209F428300366B26 /* Resources */,
			);
			buildRules = (
			);
			dependencies = (
			);
			name = yatzyLovisa;
			productName = yatzy;
			productReference = BB2860BD209F428400366B26 /* yatzyLovisa.app */;
			productType = "com.apple.product-type.application";
		};
		BB2860D6209F428400366B26 /* yatzyLovisaTests */ = {
			isa = PBXNativeTarget;
			buildConfigurationList = BB2860EE209F428400366B26 /* Build configuration list for PBXNativeTarget "yatzyLovisaTests" */;
			buildPhases = (
				BB2860D3209F428400366B26 /* Sources */,
				BB2860D4209F428400366B26 /* Frameworks */,
				BB2860D5209F428400366B26 /* Resources */,
			);
			buildRules = (
			);
			dependencies = (
				BB2860D9209F428400366B26 /* PBXTargetDependency */,
			);
			name = yatzyLovisaTests;
			productName = yatzyTests;
			productReference = BB2860D7209F428400366B26 /* yatzyLovisaTests.xctest */;
			productType = "com.apple.product-type.bundle.unit-test";
		};
		BB2860E1209F428400366B26 /* yatzyLovisaUITests */ = {
			isa = PBXNativeTarget;
			buildConfigurationList = BB2860F1209F428400366B26 /* Build configuration list for PBXNativeTarget "yatzyLovisaUITests" */;
			buildPhases = (
				BB2860DE209F428400366B26 /* Sources */,
				BB2860DF209F428400366B26 /* Frameworks */,
				BB2860E0209F428400366B26 /* Resources */,
			);
			buildRules = (
			);
			dependencies = (
				BB2860E4209F428400366B26 /* PBXTargetDependency */,
			);
			name = yatzyLovisaUITests;
			productName = yatzyUITests;
			productReference = BB2860E2209F428400366B26 /* yatzyLovisaUITests.xctest */;
			productType = "com.apple.product-type.bundle.ui-testing";
		};
/* End PBXNativeTarget section */

/* Begin PBXProject section */
		BB2860B5209F428300366B26 /* Project object */ = {
			isa = PBXProject;
			attributes = {
				LastSwiftUpdateCheck = 0820;
				LastUpgradeCheck = 0820;
				ORGANIZATIONNAME = Lovisa;
				TargetAttributes = {
					BB2860BC209F428300366B26 = {
						CreatedOnToolsVersion = 8.2.1;
						ProvisioningStyle = Automatic;
					};
					BB2860D6209F428400366B26 = {
						CreatedOnToolsVersion = 8.2.1;
						ProvisioningStyle = Automatic;
						TestTargetID = BB2860BC209F428300366B26;
					};
					BB2860E1209F428400366B26 = {
						CreatedOnToolsVersion = 8.2.1;
						ProvisioningStyle = Automatic;
						TestTargetID = BB2860BC209F428300366B26;
					};
				};
			};
			buildConfigurationList = BB2860B8209F428300366B26 /* Build configuration list for PBXProject "yatzyLovisa" */;
			compatibilityVersion = "Xcode 3.2";
			developmentRegion = English;
			hasScannedForEncodings = 0;
			knownRegions = (
				en,
				Base,
			);
			mainGroup = BB2860B4209F428300366B26;
			productRefGroup = BB2860BE209F428400366B26 /* Products */;
			projectDirPath = "";
			projectRoot = "";
			targets = (
				BB2860BC209F428300366B26 /* yatzyLovisa */,
				BB2860D6209F428400366B26 /* yatzyLovisaTests */,
				BB2860E1209F428400366B26 /* yatzyLovisaUITests */,
			);
		};
/* End PBXProject section */

/* Begin PBXResourcesBuildPhase section */
		BB2860BB209F428300366B26 /* Resources */ = {
			isa = PBXResourcesBuildPhase;
			buildActionMask = 2147483647;
			files = (
				BB2860CC209F428400366B26 /* Main.storyboard in Resources */,
				BB2860C3209F428400366B26 /* GameScene.sks in Resources */,
				BB2860CE209F428400366B26 /* Assets.xcassets in Resources */,
				BB2860D1209F428400366B26 /* LaunchScreen.storyboard in Resources */,
				BB2860C5209F428400366B26 /* Actions.sks in Resources */,
			);
			runOnlyForDeploymentPostprocessing = 0;
		};
		BB2860D5209F428400366B26 /* Resources */ = {
			isa = PBXResourcesBuildPhase;
			buildActionMask = 2147483647;
			files = (
			);
			runOnlyForDeploymentPostprocessing = 0;
		};
		BB2860E0209F428400366B26 /* Resources */ = {
			isa = PBXResourcesBuildPhase;
			buildActionMask = 2147483647;
			files = (
			);
			runOnlyForDeploymentPostprocessing = 0;
		};
/* End PBXResourcesBuildPhase section */

/* Begin PBXSourcesBuildPhase section */
		BB2860B9209F428300366B26 /* Sources */ = {
			isa = PBXSourcesBuildPhase;
			buildActionMask = 2147483647;
			files = (
				BB2860C7209F428400366B26 /* GameScene.swift in Sources */,
				BB2860C9209F428400366B26 /* GameViewController.swift in Sources */,
				BB2860C1209F428400366B26 /* AppDelegate.swift in Sources */,
			);
			runOnlyForDeploymentPostprocessing = 0;
		};
		BB2860D3209F428400366B26 /* Sources */ = {
			isa = PBXSourcesBuildPhase;
			buildActionMask = 2147483647;
			files = (
				BB2860DC209F428400366B26 /* yatzyTests.swift in Sources */,
			);
			runOnlyForDeploymentPostprocessing = 0;
		};
		BB2860DE209F428400366B26 /* Sources */ = {
			isa = PBXSourcesBuildPhase;
			buildActionMask = 2147483647;
			files = (
				BB2860E7209F428400366B26 /* yatzyUITests.swift in Sources */,
			);
			runOnlyForDeploymentPostprocessing = 0;
		};
/* End PBXSourcesBuildPhase section */

/* Begin PBXTargetDependency section */
		BB2860D9209F428400366B26 /* PBXTargetDependency */ = {
			isa = PBXTargetDependency;
			target = BB2860BC209F428300366B26 /* yatzyLovisa */;
			targetProxy = BB2860D8209F428400366B26 /* PBXContainerItemProxy */;
		};
		BB2860E4209F428400366B26 /* PBXTargetDependency */ = {
			isa = PBXTargetDependency;
			target = BB2860BC209F428300366B26 /* yatzyLovisa */;
			targetProxy = BB2860E3209F428400366B26 /* PBXContainerItemProxy */;
		};
/* End PBXTargetDependency section */

/* Begin PBXVariantGroup section */
		BB2860CA209F428400366B26 /* Main.storyboard */ = {
			isa = PBXVariantGroup;
			children = (
				BB2860CB209F428400366B26 /* Base */,
			);
			name = Main.storyboard;
			sourceTree = "<group>";
		};
		BB2860CF209F428400366B26 /* LaunchScreen.storyboard */ = {
			isa = PBXVariantGroup;
			children = (
				BB2860D0209F428400366B26 /* Base */,
			);
			name = LaunchScreen.storyboard;
			sourceTree = "<group>";
		};
/* End PBXVariantGroup section */

/* Begin XCBuildConfiguration section */
		BB2860E9209F428400366B26 /* Debug */ = {
			isa = XCBuildConfiguration;
			buildSettings = {
				ALWAYS_SEARCH_USER_PATHS = NO;
				CLANG_ANALYZER_NONNULL = YES;
				CLANG_CXX_LANGUAGE_STANDARD = "gnu++0x";
				CLANG_CXX_LIBRARY = "libc++";
				CLANG_ENABLE_MODULES = YES;
				CLANG_ENABLE_OBJC_ARC = YES;
				CLANG_WARN_BOOL_CONVERSION = YES;
				CLANG_WARN_CONSTANT_CONVERSION = YES;
				CLANG_WARN_DIRECT_OBJC_ISA_USAGE = YES_ERROR;
				CLANG_WARN_DOCUMENTATION_COMMENTS = YES;
				CLANG_WARN_EMPTY_BODY = YES;
				CLANG_WARN_ENUM_CONVERSION = YES;
				CLANG_WARN_INFINITE_RECURSION = YES;
				CLANG_WARN_INT_CONVERSION = YES;
				CLANG_WARN_OBJC_ROOT_CLASS = YES_ERROR;
				CLANG_WARN_SUSPICIOUS_MOVE = YES;
				CLANG_WARN_UNREACHABLE_CODE = YES;
				CLANG_WARN__DUPLICATE_METHOD_MATCH = YES;
				"CODE_SIGN_IDENTITY[sdk=iphoneos*]" = "iPhone Developer";
				COPY_PHASE_STRIP = NO;
				DEBUG_INFORMATION_FORMAT = dwarf;
				ENABLE_STRICT_OBJC_MSGSEND = YES;
				ENABLE_TESTABILITY = YES;
				GCC_C_LANGUAGE_STANDARD = gnu99;
				GCC_DYNAMIC_NO_PIC = NO;
				GCC_NO_COMMON_BLOCKS = YES;
				GCC_OPTIMIZATION_LEVEL = 0;
				GCC_PREPROCESSOR_DEFINITIONS = (
					"DEBUG=1",
					"$(inherited)",
				);
				GCC_WARN_64_TO_32_BIT_CONVERSION = YES;
				GCC_WARN_ABOUT_RETURN_TYPE = YES_ERROR;
				GCC_WARN_UNDECLARED_SELECTOR = YES;
				GCC_WARN_UNINITIALIZED_AUTOS = YES_AGGRESSIVE;
				GCC_WARN_UNUSED_FUNCTION = YES;
				GCC_WARN_UNUSED_VARIABLE = YES;
				IPHONEOS_DEPLOYMENT_TARGET = 10.2;
				MTL_ENABLE_DEBUG_INFO = YES;
				ONLY_ACTIVE_ARCH = YES;
				SDKROOT = iphoneos;
				SWIFT_ACTIVE_COMPILATION_CONDITIONS = DEBUG;
				SWIFT_OPTIMIZATION_LEVEL = "-Onone";
				TARGETED_DEVICE_FAMILY = "1,2";
			};
			name = Debug;
		};
		BB2860EA209F428400366B26 /* Release */ = {
			isa = XCBuildConfiguration;
			buildSettings = {
				ALWAYS_SEARCH_USER_PATHS = NO;
				CLANG_ANALYZER_NONNULL = YES;
				CLANG_CXX_LANGUAGE_STANDARD = "gnu++0x";
				CLANG_CXX_LIBRARY = "libc++";
				CLANG_ENABLE_MODULES = YES;
				CLANG_ENABLE_OBJC_ARC = YES;
				CLANG_WARN_BOOL_CONVERSION = YES;
				CLANG_WARN_CONSTANT_CONVERSION = YES;
				CLANG_WARN_DIRECT_OBJC_ISA_USAGE = YES_ERROR;
				CLANG_WARN_DOCUMENTATION_COMMENTS = YES;
				CLANG_WARN_EMPTY_BODY = YES;
				CLANG_WARN_ENUM_CONVERSION = YES;
				CLANG_WARN_INFINITE_RECURSION = YES;
				CLANG_WARN_INT_CONVERSION = YES;
				CLANG_WARN_OBJC_ROOT_CLASS = YES_ERROR;
				CLANG_WARN_SUSPICIOUS_MOVE = YES;
				CLANG_WARN_UNREACHABLE_CODE = YES;
				CLANG_WARN__DUPLICATE_METHOD_MATCH = YES;
				"CODE_SIGN_IDENTITY[sdk=iphoneos*]" = "iPhone Developer";
				COPY_PHASE_STRIP = NO;
				DEBUG_INFORMATION_FORMAT = "dwarf-with-dsym";
				ENABLE_NS_ASSERTIONS = NO;
				ENABLE_STRICT_OBJC_MSGSEND = YES;
				GCC_C_LANGUAGE_STANDARD = gnu99;
				GCC_NO_COMMON_BLOCKS = YES;
				GCC_WARN_64_TO_32_BIT_CONVERSION = YES;
				GCC_WARN_ABOUT_RETURN_TYPE = YES_ERROR;
				GCC_WARN_UNDECLARED_SELECTOR = YES;
				GCC_WARN_UNINITIALIZED_AUTOS = YES_AGGRESSIVE;
				GCC_WARN_UNUSED_FUNCTION = YES;
				GCC_WARN_UNUSED_VARIABLE = YES;
				IPHONEOS_DEPLOYMENT_TARGET = 10.2;
				MTL_ENABLE_DEBUG_INFO = NO;
				SDKROOT = iphoneos;
				SWIFT_OPTIMIZATION_LEVEL = "-Owholemodule";
				TARGETED_DEVICE_FAMILY = "1,2";
				VALIDATE_PRODUCT = YES;
			};
			name = Release;
		};
		BB2860EC209F428400366B26 /* Debug */ = {
			isa = XCBuildConfiguration;
			buildSettings = {
				ASSETCATALOG_COMPILER_APPICON_NAME = AppIcon;
				INFOPLIST_FILE = yatzy/Info.plist;
				LD_RUNPATH_SEARCH_PATHS = "$(inherited) @executable_path/Frameworks";
				PRODUCT_BUNDLE_IDENTIFIER = doubledab.yatzy;
				PRODUCT_NAME = "$(TARGET_NAME)";
				SWIFT_VERSION = 3.0;
			};
			name = Debug;
		};
		BB2860ED209F428400366B26 /* Release */ = {
			isa = XCBuildConfiguration;
			buildSettings = {
				ASSETCATALOG_COMPILER_APPICON_NAME = AppIcon;
				INFOPLIST_FILE = yatzy/Info.plist;
				LD_RUNPATH_SEARCH_PATHS = "$(inherited) @executable_path/Frameworks";
				PRODUCT_BUNDLE_IDENTIFIER = doubledab.yatzy;
				PRODUCT_NAME = "$(TARGET_NAME)";
				SWIFT_VERSION = 3.0;
			};
			name = Release;
		};
		BB2860EF209F428400366B26 /* Debug */ = {
			isa = XCBuildConfiguration;
			buildSettings = {
				ALWAYS_EMBED_SWIFT_STANDARD_LIBRARIES = YES;
				BUNDLE_LOADER = "$(TEST_HOST)";
				INFOPLIST_FILE = yatzyTests/Info.plist;
				LD_RUNPATH_SEARCH_PATHS = "$(inherited) @executable_path/Frameworks @loader_path/Frameworks";
				PRODUCT_BUNDLE_IDENTIFIER = doubledab.yatzyTests;
				PRODUCT_NAME = "$(TARGET_NAME)";
				SWIFT_VERSION = 3.0;
				TEST_HOST = "$(BUILT_PRODUCTS_DIR)/yatzyLovisa.app/yatzyLovisa";
			};
			name = Debug;
		};
		BB2860F0209F428400366B26 /* Release */ = {
			isa = XCBuildConfiguration;
			buildSettings = {
				ALWAYS_EMBED_SWIFT_STANDARD_LIBRARIES = YES;
				BUNDLE_LOADER = "$(TEST_HOST)";
				INFOPLIST_FILE = yatzyTests/Info.plist;
				LD_RUNPATH_SEARCH_PATHS = "$(inherited) @executable_path/Frameworks @loader_path/Frameworks";
				PRODUCT_BUNDLE_IDENTIFIER = doubledab.yatzyTests;
				PRODUCT_NAME = "$(TARGET_NAME)";
				SWIFT_VERSION = 3.0;
				TEST_HOST = "$(BUILT_PRODUCTS_DIR)/yatzyLovisa.app/yatzyLovisa";
			};
			name = Release;
		};
		BB2860F2209F428400366B26 /* Debug */ = {
			isa = XCBuildConfiguration;
			buildSettings = {
				ALWAYS_EMBED_SWIFT_STANDARD_LIBRARIES = YES;
				INFOPLIST_FILE = yatzyUITests/Info.plist;
				LD_RUNPATH_SEARCH_PATHS = "$(inherited) @executable_path/Frameworks @loader_path/Frameworks";
				PRODUCT_BUNDLE_IDENTIFIER = doubledab.yatzyUITests;
				PRODUCT_NAME = "$(TARGET_NAME)";
				SWIFT_VERSION = 3.0;
				TEST_TARGET_NAME = yatzy;
			};
			name = Debug;
		};
		BB2860F3209F428400366B26 /* Release */ = {
			isa = XCBuildConfiguration;
			buildSettings = {
				ALWAYS_EMBED_SWIFT_STANDARD_LIBRARIES = YES;
				INFOPLIST_FILE = yatzyUITests/Info.plist;
				LD_RUNPATH_SEARCH_PATHS = "$(inherited) @executable_path/Frameworks @loader_path/Frameworks";
				PRODUCT_BUNDLE_IDENTIFIER = doubledab.yatzyUITests;
				PRODUCT_NAME = "$(TARGET_NAME)";
				SWIFT_VERSION = 3.0;
				TEST_TARGET_NAME = yatzy;
			};
			name = Release;
		};
/* End XCBuildConfiguration section */

/* Begin XCConfigurationList section */
		BB2860B8209F428300366B26 /* Build configuration list for PBXProject "yatzyLovisa" */ = {
			isa = XCConfigurationList;
			buildConfigurations = (
				BB2860E9209F428400366B26 /* Debug */,
				BB2860EA209F428400366B26 /* Release */,
			);
			defaultConfigurationIsVisible = 0;
			defaultConfigurationName = Release;
		};
		BB2860EB209F428400366B26 /* Build configuration list for PBXNativeTarget "yatzyLovisa" */ = {
			isa = XCConfigurationList;
			buildConfigurations = (
				BB2860EC209F428400366B26 /* Debug */,
				BB2860ED209F428400366B26 /* Release */,
			);
			defaultConfigurationIsVisible = 0;
			defaultConfigurationName = Release;
		};
		BB2860EE209F428400366B26 /* Build configuration list for PBXNativeTarget "yatzyLovisaTests" */ = {
			isa = XCConfigurationList;
			buildConfigurations = (
				BB2860EF209F428400366B26 /* Debug */,
				BB2860F0209F428400366B26 /* Release */,
			);
			defaultConfigurationIsVisible = 0;
			defaultConfigurationName = Release;
		};
		BB2860F1209F428400366B26 /* Build configuration list for PBXNativeTarget "yatzyLovisaUITests" */ = {
			isa = XCConfigurationList;
			buildConfigurations = (
				BB2860F2209F428400366B26 /* Debug */,
				BB2860F3209F428400366B26 /* Release */,
			);
			defaultConfigurationIsVisible = 0;
			defaultConfigurationName = Release;
		};
/* End XCConfigurationList section */
	};
	rootObject = BB2860B5209F428300366B26 /* Project object */;
}
